# This file is generated by running "yarn install" inside your project.
# Manual changes might be lost - proceed with caution!

__metadata:
  version: 4
  cacheKey: 5

"@babel/runtime@npm:^7.10.5":
  version: 7.11.2
  resolution: "@babel/runtime@npm:7.11.2"
  dependencies:
    regenerator-runtime: ^0.13.4
  checksum: 2f127ad60a0f0568faa0044e5b48329d8166c7fd3a0a3ce774070010a1c441ebf5570f526dd6bb26e214fb1a01bb987ab6a4c3f60a00f04d02448939f4c61e1e
  languageName: node
  linkType: hard

"@types/node@npm:^14.6.0":
  version: 14.6.0
  resolution: "@types/node@npm:14.6.0"
  checksum: ff23553ab77516d0f90b6710a041a49723fc1b1ca33a5379d5746068cac8b9ddbec428d3a4913afaee50bcdc69b9583843740a18a3519ae997982694f5287c6b
  languageName: node
  linkType: hard

"clipanion@npm:^2.4.4":
  version: 2.4.4
  resolution: "clipanion@npm:2.4.4"
  checksum: e31970cfc24722c6decae89f0ba7615f5aca146a66de92cbdf9edd547fb6579749495b07dcfd2e35a6783b9e599f6c0dad0f801b1c849311a8b1cb5a1cb40a6e
  languageName: node
  linkType: hard

"colors@npm:^1.4.0":
  version: 1.4.0
  resolution: "colors@npm:1.4.0"
  checksum: a0f266ac041a9774d92cc9624a984707678d2eeec125d54e8d8231075ce36c24c5352fb5d0f90c6ee420d0f63e354417cec716386ad341309334aad18e32b933
  languageName: node
  linkType: hard

"fn-name@npm:~3.0.0":
  version: 3.0.0
  resolution: "fn-name@npm:3.0.0"
  checksum: dd2190001862d3ea6d1f0788c58d083593166debfa65ff77473a3d37795548e92e5d050ca32f90781fa5c270901694c45022fc90ff2fa50f44aa302f20916589
  languageName: node
  linkType: hard

"hubcap-pm@workspace:.":
  version: 0.0.0-use.local
  resolution: "hubcap-pm@workspace:."
  dependencies:
    "@types/node": ^14.6.0
    clipanion: ^2.4.4
    colors: ^1.4.0
    semver: ^7.3.2
    typescript: ^4.0.2
    yup: ^0.29.3
  bin:
    hubcap-pm: index.js
  languageName: unknown
  linkType: soft

"lodash-es@npm:^4.17.11":
  version: 4.17.15
  resolution: "lodash-es@npm:4.17.15"
  checksum: ee2871b76deefd1754527e659a8c8b688f2e427e67b30709296878e18ad9cb54b4f0fc16a7161298156b4e0ebc2a37dfe501a3ea8725f195763f9de8a7ba6da6
  languageName: node
  linkType: hard

"lodash@npm:^4.17.15":
  version: 4.17.20
  resolution: "lodash@npm:4.17.20"
  checksum: c62101d2500c383b5f174a7e9e6fe8098149ddd6e9ccfa85f36d4789446195f5c4afd3cfba433026bcaf3da271256566b04a2bf2618e5a39f6e67f8c12030cb6
  languageName: node
  linkType: hard

"property-expr@npm:^2.0.2":
  version: 2.0.3
  resolution: "property-expr@npm:2.0.3"
  checksum: f876fd056543d95c5d01712e4835c482a914e7b3b81662ec8f1f987935d53803c24ff237232d5e058ded2169e87880bc0878cdeb0298dd33ed4a46d59cbfb7bf
  languageName: node
  linkType: hard

"regenerator-runtime@npm:^0.13.4":
  version: 0.13.7
  resolution: "regenerator-runtime@npm:0.13.7"
  checksum: 6ef567c662088b1b292214920cbd72443059298d477f72e1a37e0a113bafbfac9057cbfe35ae617284effc4b423493326a78561bbff7b04162c7949bdb9624e8
  languageName: node
  linkType: hard

"semver@npm:^7.3.2":
  version: 7.3.2
  resolution: "semver@npm:7.3.2"
  bin:
    semver: bin/semver.js
  checksum: bceb46d396d039afb5be2b2860bce1b0a43ecbadc72dde7ebe9c56dd9035ca50d9b8e086208ff9bbe53773ebde0bcfc6fc0842d7358398bca7054bb9ced801e3
  languageName: node
  linkType: hard

"synchronous-promise@npm:^2.0.13":
  version: 2.0.13
  resolution: "synchronous-promise@npm:2.0.13"
  checksum: 8e182d5999ea709ea39dd11b0c5feae564ba1cce99dc0bab475751086f0b08dfd1e318f01ba51913102b476f464c44b45f162feaaf54d1b69afadeb9bd8888e1
  languageName: node
  linkType: hard

"toposort@npm:^2.0.2":
  version: 2.0.2
  resolution: "toposort@npm:2.0.2"
  checksum: 9e70bf92de5e65e77e89065f34b642a9ae75be5cf4896152b5a131ca66c77c4d9edf056942e988e29b534a83643f38860e148aa939cd3c489d00abbf5639f54f
  languageName: node
  linkType: hard

typescript@^4.0.2:
  version: 4.0.2
  resolution: "typescript@npm:4.0.2"
  bin:
    tsc: bin/tsc
    tsserver: bin/tsserver
  checksum: cc0e7806eee7997a1b4b2990badacc4a8d089893ed0a377f35c9658e2ac392503cb340d0187203ed82e36e427dda94b0fb7107e44a71cca99efac86be26e16ee
  languageName: node
  linkType: hard

"typescript@patch:typescript@^4.0.2#builtin<compat/typescript>":
  version: 4.0.2
  resolution: "typescript@patch:typescript@npm%3A4.0.2#builtin<compat/typescript>::version=4.0.2&hash=5b02a2"
  bin:
    tsc: bin/tsc
    tsserver: bin/tsserver
  checksum: b8b689ef994cce4fe59950d56ddfffce3c4bdda8edb85b72e752d4a6d27bf7df8a318e76ccde25cbe6e642058f2f4ccf47187db4b243bbc98278a2844db9461b
  languageName: node
  linkType: hard

"yup@npm:^0.29.3":
  version: 0.29.3
  resolution: "yup@npm:0.29.3"
  dependencies:
    "@babel/runtime": ^7.10.5
    fn-name: ~3.0.0
    lodash: ^4.17.15
    lodash-es: ^4.17.11
    property-expr: ^2.0.2
    synchronous-promise: ^2.0.13
    toposort: ^2.0.2
  checksum: bc07ab697d38169c9fad874696008ec84dab14f5e3559b539c7edb01ea49235808670ea4cb7de64009ed473fb3700e6794ed407c293cb94b2d6c4f34deb16e4b
  languageName: node
  linkType: hard
